// !$*UTF8*$!
{
	archiveVersion = 1;
	classes = {
	};
	objectVersion = 52;
	objects = {

/* Begin PBXBuildFile section */
		F247541423DFC706006A13C3 /* Goal.swift in Sources */ = {isa = PBXBuildFile; fileRef = F247541323DFC706006A13C3 /* Goal.swift */; };
		F247541723DFEADB006A13C3 /* StampEditViewController.swift in Sources */ = {isa = PBXBuildFile; fileRef = F247541623DFEADB006A13C3 /* StampEditViewController.swift */; };
		F247541A23E5D2CB006A13C3 /* IconCell.swift in Sources */ = {isa = PBXBuildFile; fileRef = F247541823E5D2CB006A13C3 /* IconCell.swift */; };
		F247541B23E5D2CB006A13C3 /* IconsViewController.swift in Sources */ = {isa = PBXBuildFile; fileRef = F247541923E5D2CB006A13C3 /* IconsViewController.swift */; };
		F247541D23E5DF6B006A13C3 /* Palette.swift in Sources */ = {isa = PBXBuildFile; fileRef = F247541C23E5DF6B006A13C3 /* Palette.swift */; };
		F247542323E5E3B5006A13C3 /* ColorsViewController.swift in Sources */ = {isa = PBXBuildFile; fileRef = F247542223E5E3B5006A13C3 /* ColorsViewController.swift */; };
		F26B273723D6772400B8D0F9 /* UIColor+Hex.swift in Sources */ = {isa = PBXBuildFile; fileRef = F26B273623D6772400B8D0F9 /* UIColor+Hex.swift */; };
		F26B273B23D80D5100B8D0F9 /* ss-symbolicons-block.otf in Resources */ = {isa = PBXBuildFile; fileRef = F26B273A23D80CC700B8D0F9 /* ss-symbolicons-block.otf */; };
		F2A5255B23D3D67E00C3E0F3 /* CalendarHelper.swift in Sources */ = {isa = PBXBuildFile; fileRef = F2A5255A23D3D67E00C3E0F3 /* CalendarHelper.swift */; };
		F2A5255D23D3DCE200C3E0F3 /* DateExtensions.swift in Sources */ = {isa = PBXBuildFile; fileRef = F2A5255C23D3DCE200C3E0F3 /* DateExtensions.swift */; };
		F2A5255F23D4BAA900C3E0F3 /* WeekCell.swift in Sources */ = {isa = PBXBuildFile; fileRef = F2A5255E23D4BAA900C3E0F3 /* WeekCell.swift */; };
		F2B4762B23DBDFEF0076BFDC /* GRDB in Frameworks */ = {isa = PBXBuildFile; productRef = F2B4762A23DBDFEF0076BFDC /* GRDB */; };
		F2B4762D23DC1B440076BFDC /* AppDatabase.swift in Sources */ = {isa = PBXBuildFile; fileRef = F2B4762C23DC1B440076BFDC /* AppDatabase.swift */; };
		F2B4763023DCF9DE0076BFDC /* Diary.swift in Sources */ = {isa = PBXBuildFile; fileRef = F2B4762F23DCF9DE0076BFDC /* Diary.swift */; };
		F2B4763223DDF6CD0076BFDC /* Calendar.storyboard in Resources */ = {isa = PBXBuildFile; fileRef = F2B4763123DDF6CD0076BFDC /* Calendar.storyboard */; };
		F2B4763623DE3CE00076BFDC /* Stamps.storyboard in Resources */ = {isa = PBXBuildFile; fileRef = F2B4763523DE3CE00076BFDC /* Stamps.storyboard */; };
		F2B4763B23DE3E390076BFDC /* GoalsViewController.swift in Sources */ = {isa = PBXBuildFile; fileRef = F2B4763A23DE3E390076BFDC /* GoalsViewController.swift */; };
		F2B4763D23DE3E6D0076BFDC /* Goals.storyboard in Resources */ = {isa = PBXBuildFile; fileRef = F2B4763C23DE3E6D0076BFDC /* Goals.storyboard */; };
		F2B4763F23DE4B540076BFDC /* StampCell.swift in Sources */ = {isa = PBXBuildFile; fileRef = F2B4763E23DE4B540076BFDC /* StampCell.swift */; };
		F2C4943923D2CBC800EAF9CC /* AppDelegate.swift in Sources */ = {isa = PBXBuildFile; fileRef = F2C4943823D2CBC800EAF9CC /* AppDelegate.swift */; };
		F2C4943B23D2CBC800EAF9CC /* SceneDelegate.swift in Sources */ = {isa = PBXBuildFile; fileRef = F2C4943A23D2CBC800EAF9CC /* SceneDelegate.swift */; };
		F2C4943D23D2CBC800EAF9CC /* CalendarViewController.swift in Sources */ = {isa = PBXBuildFile; fileRef = F2C4943C23D2CBC800EAF9CC /* CalendarViewController.swift */; };
		F2C4943F23D2CBC800EAF9CC /* StampsViewController.swift in Sources */ = {isa = PBXBuildFile; fileRef = F2C4943E23D2CBC800EAF9CC /* StampsViewController.swift */; };
		F2C4944223D2CBC800EAF9CC /* Main.storyboard in Resources */ = {isa = PBXBuildFile; fileRef = F2C4944023D2CBC800EAF9CC /* Main.storyboard */; };
		F2C4944423D2CBCA00EAF9CC /* Assets.xcassets in Resources */ = {isa = PBXBuildFile; fileRef = F2C4944323D2CBCA00EAF9CC /* Assets.xcassets */; };
		F2C4944723D2CBCA00EAF9CC /* LaunchScreen.storyboard in Resources */ = {isa = PBXBuildFile; fileRef = F2C4944523D2CBCA00EAF9CC /* LaunchScreen.storyboard */; };
		F2FF7E9F23D6188F0033D9DC /* DayViewController.swift in Sources */ = {isa = PBXBuildFile; fileRef = F2FF7E9E23D6188F0033D9DC /* DayViewController.swift */; };
		F2FF7EA123D659490033D9DC /* DayBadgeView.swift in Sources */ = {isa = PBXBuildFile; fileRef = F2FF7EA023D659490033D9DC /* DayBadgeView.swift */; };
		F2FF7EA323D66F030033D9DC /* DataSource.swift in Sources */ = {isa = PBXBuildFile; fileRef = F2FF7EA223D66F030033D9DC /* DataSource.swift */; };
		F2FF7EA623D66F3A0033D9DC /* Stamp.swift in Sources */ = {isa = PBXBuildFile; fileRef = F2FF7EA523D66F3A0033D9DC /* Stamp.swift */; };
/* End PBXBuildFile section */

/* Begin PBXFileReference section */
		F247541323DFC706006A13C3 /* Goal.swift */ = {isa = PBXFileReference; fileEncoding = 4; lastKnownFileType = sourcecode.swift; path = Goal.swift; sourceTree = "<group>"; };
		F247541623DFEADB006A13C3 /* StampEditViewController.swift */ = {isa = PBXFileReference; fileEncoding = 4; lastKnownFileType = sourcecode.swift; path = StampEditViewController.swift; sourceTree = "<group>"; };
		F247541823E5D2CB006A13C3 /* IconCell.swift */ = {isa = PBXFileReference; fileEncoding = 4; lastKnownFileType = sourcecode.swift; path = IconCell.swift; sourceTree = "<group>"; };
		F247541923E5D2CB006A13C3 /* IconsViewController.swift */ = {isa = PBXFileReference; fileEncoding = 4; lastKnownFileType = sourcecode.swift; path = IconsViewController.swift; sourceTree = "<group>"; };
		F247541C23E5DF6B006A13C3 /* Palette.swift */ = {isa = PBXFileReference; lastKnownFileType = sourcecode.swift; path = Palette.swift; sourceTree = "<group>"; };
		F247542223E5E3B5006A13C3 /* ColorsViewController.swift */ = {isa = PBXFileReference; fileEncoding = 4; lastKnownFileType = sourcecode.swift; path = ColorsViewController.swift; sourceTree = "<group>"; };
		F26B273623D6772400B8D0F9 /* UIColor+Hex.swift */ = {isa = PBXFileReference; fileEncoding = 4; lastKnownFileType = sourcecode.swift; path = "UIColor+Hex.swift"; sourceTree = "<group>"; };
		F26B273A23D80CC700B8D0F9 /* ss-symbolicons-block.otf */ = {isa = PBXFileReference; lastKnownFileType = file; path = "ss-symbolicons-block.otf"; sourceTree = "<group>"; };
		F2A5255A23D3D67E00C3E0F3 /* CalendarHelper.swift */ = {isa = PBXFileReference; lastKnownFileType = sourcecode.swift; path = CalendarHelper.swift; sourceTree = "<group>"; };
		F2A5255C23D3DCE200C3E0F3 /* DateExtensions.swift */ = {isa = PBXFileReference; lastKnownFileType = sourcecode.swift; path = DateExtensions.swift; sourceTree = "<group>"; };
		F2A5255E23D4BAA900C3E0F3 /* WeekCell.swift */ = {isa = PBXFileReference; lastKnownFileType = sourcecode.swift; path = WeekCell.swift; sourceTree = "<group>"; };
		F2B4762C23DC1B440076BFDC /* AppDatabase.swift */ = {isa = PBXFileReference; lastKnownFileType = sourcecode.swift; path = AppDatabase.swift; sourceTree = "<group>"; };
		F2B4762F23DCF9DE0076BFDC /* Diary.swift */ = {isa = PBXFileReference; fileEncoding = 4; lastKnownFileType = sourcecode.swift; path = Diary.swift; sourceTree = "<group>"; };
		F2B4763123DDF6CD0076BFDC /* Calendar.storyboard */ = {isa = PBXFileReference; fileEncoding = 4; lastKnownFileType = file.storyboard; path = Calendar.storyboard; sourceTree = "<group>"; };
		F2B4763523DE3CE00076BFDC /* Stamps.storyboard */ = {isa = PBXFileReference; fileEncoding = 4; lastKnownFileType = file.storyboard; path = Stamps.storyboard; sourceTree = "<group>"; };
		F2B4763A23DE3E390076BFDC /* GoalsViewController.swift */ = {isa = PBXFileReference; fileEncoding = 4; lastKnownFileType = sourcecode.swift; path = GoalsViewController.swift; sourceTree = "<group>"; };
		F2B4763C23DE3E6D0076BFDC /* Goals.storyboard */ = {isa = PBXFileReference; fileEncoding = 4; lastKnownFileType = file.storyboard; path = Goals.storyboard; sourceTree = "<group>"; };
		F2B4763E23DE4B540076BFDC /* StampCell.swift */ = {isa = PBXFileReference; fileEncoding = 4; lastKnownFileType = sourcecode.swift; path = StampCell.swift; sourceTree = "<group>"; };
		F2C4943523D2CBC800EAF9CC /* Stamps.app */ = {isa = PBXFileReference; explicitFileType = wrapper.application; includeInIndex = 0; path = Stamps.app; sourceTree = BUILT_PRODUCTS_DIR; };
		F2C4943823D2CBC800EAF9CC /* AppDelegate.swift */ = {isa = PBXFileReference; lastKnownFileType = sourcecode.swift; path = AppDelegate.swift; sourceTree = "<group>"; };
		F2C4943A23D2CBC800EAF9CC /* SceneDelegate.swift */ = {isa = PBXFileReference; lastKnownFileType = sourcecode.swift; path = SceneDelegate.swift; sourceTree = "<group>"; };
		F2C4943C23D2CBC800EAF9CC /* CalendarViewController.swift */ = {isa = PBXFileReference; lastKnownFileType = sourcecode.swift; path = CalendarViewController.swift; sourceTree = "<group>"; };
		F2C4943E23D2CBC800EAF9CC /* StampsViewController.swift */ = {isa = PBXFileReference; lastKnownFileType = sourcecode.swift; path = StampsViewController.swift; sourceTree = "<group>"; };
		F2C4944123D2CBC800EAF9CC /* Base */ = {isa = PBXFileReference; lastKnownFileType = file.storyboard; name = Base; path = Base.lproj/Main.storyboard; sourceTree = "<group>"; };
		F2C4944323D2CBCA00EAF9CC /* Assets.xcassets */ = {isa = PBXFileReference; lastKnownFileType = folder.assetcatalog; path = Assets.xcassets; sourceTree = "<group>"; };
		F2C4944623D2CBCA00EAF9CC /* Base */ = {isa = PBXFileReference; lastKnownFileType = file.storyboard; name = Base; path = Base.lproj/LaunchScreen.storyboard; sourceTree = "<group>"; };
		F2C4944823D2CBCA00EAF9CC /* Info.plist */ = {isa = PBXFileReference; lastKnownFileType = text.plist.xml; path = Info.plist; sourceTree = "<group>"; };
		F2FF7E9E23D6188F0033D9DC /* DayViewController.swift */ = {isa = PBXFileReference; lastKnownFileType = sourcecode.swift; path = DayViewController.swift; sourceTree = "<group>"; };
		F2FF7EA023D659490033D9DC /* DayBadgeView.swift */ = {isa = PBXFileReference; lastKnownFileType = sourcecode.swift; path = DayBadgeView.swift; sourceTree = "<group>"; };
		F2FF7EA223D66F030033D9DC /* DataSource.swift */ = {isa = PBXFileReference; lastKnownFileType = sourcecode.swift; path = DataSource.swift; sourceTree = "<group>"; };
		F2FF7EA523D66F3A0033D9DC /* Stamp.swift */ = {isa = PBXFileReference; lastKnownFileType = sourcecode.swift; path = Stamp.swift; sourceTree = "<group>"; };
/* End PBXFileReference section */

/* Begin PBXFrameworksBuildPhase section */
		F2C4943223D2CBC800EAF9CC /* Frameworks */ = {
			isa = PBXFrameworksBuildPhase;
			buildActionMask = 2147483647;
			files = (
				F2B4762B23DBDFEF0076BFDC /* GRDB in Frameworks */,
			);
			runOnlyForDeploymentPostprocessing = 0;
		};
/* End PBXFrameworksBuildPhase section */

/* Begin PBXGroup section */
		F26B273823D80CB000B8D0F9 /* Resources */ = {
			isa = PBXGroup;
			children = (
				F26B273923D80CB700B8D0F9 /* Fonts */,
				F2C4944023D2CBC800EAF9CC /* Main.storyboard */,
				F2C4944323D2CBCA00EAF9CC /* Assets.xcassets */,
				F2C4944523D2CBCA00EAF9CC /* LaunchScreen.storyboard */,
			);
			path = Resources;
			sourceTree = "<group>";
		};
		F26B273923D80CB700B8D0F9 /* Fonts */ = {
			isa = PBXGroup;
			children = (
				F26B273A23D80CC700B8D0F9 /* ss-symbolicons-block.otf */,
			);
			path = Fonts;
			sourceTree = "<group>";
		};
		F2A5256023D4CED000C3E0F3 /* Calendar */ = {
			isa = PBXGroup;
			children = (
				F2A5255A23D3D67E00C3E0F3 /* CalendarHelper.swift */,
				F2A5255C23D3DCE200C3E0F3 /* DateExtensions.swift */,
			);
			path = Calendar;
			sourceTree = "<group>";
		};
		F2A5256123D4CEEC00C3E0F3 /* Calendar */ = {
			isa = PBXGroup;
			children = (
				F2B4763123DDF6CD0076BFDC /* Calendar.storyboard */,
				F2C4943C23D2CBC800EAF9CC /* CalendarViewController.swift */,
				F2FF7E9E23D6188F0033D9DC /* DayViewController.swift */,
				F2A5255E23D4BAA900C3E0F3 /* WeekCell.swift */,
				F2FF7EA023D659490033D9DC /* DayBadgeView.swift */,
			);
			path = Calendar;
			sourceTree = "<group>";
		};
		F2B4763323DE3C120076BFDC /* Stamps */ = {
			isa = PBXGroup;
			children = (
				F2B4763523DE3CE00076BFDC /* Stamps.storyboard */,
				F247541823E5D2CB006A13C3 /* IconCell.swift */,
				F2B4763E23DE4B540076BFDC /* StampCell.swift */,
				F247542223E5E3B5006A13C3 /* ColorsViewController.swift */,
				F247541923E5D2CB006A13C3 /* IconsViewController.swift */,
				F247541623DFEADB006A13C3 /* StampEditViewController.swift */,
				F2C4943E23D2CBC800EAF9CC /* StampsViewController.swift */,
			);
			path = Stamps;
			sourceTree = "<group>";
		};
		F2B4763423DE3C300076BFDC /* Application Pages */ = {
			isa = PBXGroup;
			children = (
				F2A5256123D4CEEC00C3E0F3 /* Calendar */,
				F2B4763323DE3C120076BFDC /* Stamps */,
				F2B4763923DE3DBE0076BFDC /* Goals */,
			);
			path = "Application Pages";
			sourceTree = "<group>";
		};
		F2B4763923DE3DBE0076BFDC /* Goals */ = {
			isa = PBXGroup;
			children = (
				F2B4763C23DE3E6D0076BFDC /* Goals.storyboard */,
				F2B4763A23DE3E390076BFDC /* GoalsViewController.swift */,
			);
			path = Goals;
			sourceTree = "<group>";
		};
		F2C4942C23D2CBC700EAF9CC = {
			isa = PBXGroup;
			children = (
				F2C4943723D2CBC800EAF9CC /* Stamps */,
				F2C4943623D2CBC800EAF9CC /* Products */,
			);
			sourceTree = "<group>";
		};
		F2C4943623D2CBC800EAF9CC /* Products */ = {
			isa = PBXGroup;
			children = (
				F2C4943523D2CBC800EAF9CC /* Stamps.app */,
			);
			name = Products;
			sourceTree = "<group>";
		};
		F2C4943723D2CBC800EAF9CC /* Stamps */ = {
			isa = PBXGroup;
			children = (
				F26B273823D80CB000B8D0F9 /* Resources */,
				F2A5256023D4CED000C3E0F3 /* Calendar */,
				F2B4763423DE3C300076BFDC /* Application Pages */,
				F2FF7EAB23D671050033D9DC /* Colors */,
				F2FF7EA423D66F0B0033D9DC /* Data Model */,
				F2C4943823D2CBC800EAF9CC /* AppDelegate.swift */,
				F2C4943A23D2CBC800EAF9CC /* SceneDelegate.swift */,
				F2C4944823D2CBCA00EAF9CC /* Info.plist */,
			);
			path = Stamps;
			sourceTree = "<group>";
		};
		F2FF7EA423D66F0B0033D9DC /* Data Model */ = {
			isa = PBXGroup;
			children = (
				F2FF7EA223D66F030033D9DC /* DataSource.swift */,
				F2B4762F23DCF9DE0076BFDC /* Diary.swift */,
				F247541323DFC706006A13C3 /* Goal.swift */,
				F2FF7EA523D66F3A0033D9DC /* Stamp.swift */,
				F2B4762C23DC1B440076BFDC /* AppDatabase.swift */,
			);
			path = "Data Model";
			sourceTree = "<group>";
		};
		F2FF7EAB23D671050033D9DC /* Colors */ = {
			isa = PBXGroup;
			children = (
				F26B273623D6772400B8D0F9 /* UIColor+Hex.swift */,
				F247541C23E5DF6B006A13C3 /* Palette.swift */,
			);
			path = Colors;
			sourceTree = "<group>";
		};
/* End PBXGroup section */

/* Begin PBXNativeTarget section */
		F2C4943423D2CBC800EAF9CC /* Stamps */ = {
			isa = PBXNativeTarget;
			buildConfigurationList = F2C4944B23D2CBCA00EAF9CC /* Build configuration list for PBXNativeTarget "Stamps" */;
			buildPhases = (
				F2C4943123D2CBC800EAF9CC /* Sources */,
				F2C4943223D2CBC800EAF9CC /* Frameworks */,
				F2C4943323D2CBC800EAF9CC /* Resources */,
			);
			buildRules = (
			);
			dependencies = (
			);
			name = Stamps;
			packageProductDependencies = (
				F2B4762A23DBDFEF0076BFDC /* GRDB */,
			);
			productName = Stamps;
			productReference = F2C4943523D2CBC800EAF9CC /* Stamps.app */;
			productType = "com.apple.product-type.application";
		};
/* End PBXNativeTarget section */

/* Begin PBXProject section */
		F2C4942D23D2CBC700EAF9CC /* Project object */ = {
			isa = PBXProject;
			attributes = {
				LastSwiftUpdateCheck = 1130;
				LastUpgradeCheck = 1130;
				ORGANIZATIONNAME = "Vladimir Svidersky";
				TargetAttributes = {
					F2C4943423D2CBC800EAF9CC = {
						CreatedOnToolsVersion = 11.3.1;
					};
				};
			};
			buildConfigurationList = F2C4943023D2CBC700EAF9CC /* Build configuration list for PBXProject "Stamps" */;
			compatibilityVersion = "Xcode 9.3";
			developmentRegion = en;
			hasScannedForEncodings = 0;
			knownRegions = (
				en,
				Base,
			);
			mainGroup = F2C4942C23D2CBC700EAF9CC;
			packageReferences = (
				F2B4762923DBDFEF0076BFDC /* XCRemoteSwiftPackageReference "GRDB.swift" */,
			);
			productRefGroup = F2C4943623D2CBC800EAF9CC /* Products */;
			projectDirPath = "";
			projectRoot = "";
			targets = (
				F2C4943423D2CBC800EAF9CC /* Stamps */,
			);
		};
/* End PBXProject section */

/* Begin PBXResourcesBuildPhase section */
		F2C4943323D2CBC800EAF9CC /* Resources */ = {
			isa = PBXResourcesBuildPhase;
			buildActionMask = 2147483647;
			files = (
				F2B4763D23DE3E6D0076BFDC /* Goals.storyboard in Resources */,
				F26B273B23D80D5100B8D0F9 /* ss-symbolicons-block.otf in Resources */,
				F2C4944723D2CBCA00EAF9CC /* LaunchScreen.storyboard in Resources */,
				F2B4763623DE3CE00076BFDC /* Stamps.storyboard in Resources */,
				F2C4944423D2CBCA00EAF9CC /* Assets.xcassets in Resources */,
				F2B4763223DDF6CD0076BFDC /* Calendar.storyboard in Resources */,
				F2C4944223D2CBC800EAF9CC /* Main.storyboard in Resources */,
			);
			runOnlyForDeploymentPostprocessing = 0;
		};
/* End PBXResourcesBuildPhase section */

/* Begin PBXSourcesBuildPhase section */
		F2C4943123D2CBC800EAF9CC /* Sources */ = {
			isa = PBXSourcesBuildPhase;
			buildActionMask = 2147483647;
			files = (
				F2A5255B23D3D67E00C3E0F3 /* CalendarHelper.swift in Sources */,
				F2C4943F23D2CBC800EAF9CC /* StampsViewController.swift in Sources */,
				F2C4943D23D2CBC800EAF9CC /* CalendarViewController.swift in Sources */,
				F2A5255F23D4BAA900C3E0F3 /* WeekCell.swift in Sources */,
				F247541723DFEADB006A13C3 /* StampEditViewController.swift in Sources */,
				F2FF7EA123D659490033D9DC /* DayBadgeView.swift in Sources */,
				F247541D23E5DF6B006A13C3 /* Palette.swift in Sources */,
				F2FF7EA623D66F3A0033D9DC /* Stamp.swift in Sources */,
				F247541B23E5D2CB006A13C3 /* IconsViewController.swift in Sources */,
				F2B4762D23DC1B440076BFDC /* AppDatabase.swift in Sources */,
				F2B4763023DCF9DE0076BFDC /* Diary.swift in Sources */,
				F2C4943923D2CBC800EAF9CC /* AppDelegate.swift in Sources */,
				F2C4943B23D2CBC800EAF9CC /* SceneDelegate.swift in Sources */,
				F247541423DFC706006A13C3 /* Goal.swift in Sources */,
				F247542323E5E3B5006A13C3 /* ColorsViewController.swift in Sources */,
				F2A5255D23D3DCE200C3E0F3 /* DateExtensions.swift in Sources */,
				F26B273723D6772400B8D0F9 /* UIColor+Hex.swift in Sources */,
				F2FF7EA323D66F030033D9DC /* DataSource.swift in Sources */,
				F247541A23E5D2CB006A13C3 /* IconCell.swift in Sources */,
				F2FF7E9F23D6188F0033D9DC /* DayViewController.swift in Sources */,
				F2B4763B23DE3E390076BFDC /* GoalsViewController.swift in Sources */,
				F2B4763F23DE4B540076BFDC /* StampCell.swift in Sources */,
			);
			runOnlyForDeploymentPostprocessing = 0;
		};
/* End PBXSourcesBuildPhase section */

/* Begin PBXVariantGroup section */
		F2C4944023D2CBC800EAF9CC /* Main.storyboard */ = {
			isa = PBXVariantGroup;
			children = (
				F2C4944123D2CBC800EAF9CC /* Base */,
			);
			name = Main.storyboard;
			sourceTree = "<group>";
		};
		F2C4944523D2CBCA00EAF9CC /* LaunchScreen.storyboard */ = {
			isa = PBXVariantGroup;
			children = (
				F2C4944623D2CBCA00EAF9CC /* Base */,
			);
			name = LaunchScreen.storyboard;
			sourceTree = "<group>";
		};
/* End PBXVariantGroup section */

/* Begin XCBuildConfiguration section */
		F2C4944923D2CBCA00EAF9CC /* Debug */ = {
			isa = XCBuildConfiguration;
			buildSettings = {
				ALWAYS_SEARCH_USER_PATHS = NO;
				CLANG_ANALYZER_NONNULL = YES;
				CLANG_ANALYZER_NUMBER_OBJECT_CONVERSION = YES_AGGRESSIVE;
				CLANG_CXX_LANGUAGE_STANDARD = "gnu++14";
				CLANG_CXX_LIBRARY = "libc++";
				CLANG_ENABLE_MODULES = YES;
				CLANG_ENABLE_OBJC_ARC = YES;
				CLANG_ENABLE_OBJC_WEAK = YES;
				CLANG_WARN_BLOCK_CAPTURE_AUTORELEASING = YES;
				CLANG_WARN_BOOL_CONVERSION = YES;
				CLANG_WARN_COMMA = YES;
				CLANG_WARN_CONSTANT_CONVERSION = YES;
				CLANG_WARN_DEPRECATED_OBJC_IMPLEMENTATIONS = YES;
				CLANG_WARN_DIRECT_OBJC_ISA_USAGE = YES_ERROR;
				CLANG_WARN_DOCUMENTATION_COMMENTS = YES;
				CLANG_WARN_EMPTY_BODY = YES;
				CLANG_WARN_ENUM_CONVERSION = YES;
				CLANG_WARN_INFINITE_RECURSION = YES;
				CLANG_WARN_INT_CONVERSION = YES;
				CLANG_WARN_NON_LITERAL_NULL_CONVERSION = YES;
				CLANG_WARN_OBJC_IMPLICIT_RETAIN_SELF = YES;
				CLANG_WARN_OBJC_LITERAL_CONVERSION = YES;
				CLANG_WARN_OBJC_ROOT_CLASS = YES_ERROR;
				CLANG_WARN_RANGE_LOOP_ANALYSIS = YES;
				CLANG_WARN_STRICT_PROTOTYPES = YES;
				CLANG_WARN_SUSPICIOUS_MOVE = YES;
				CLANG_WARN_UNGUARDED_AVAILABILITY = YES_AGGRESSIVE;
				CLANG_WARN_UNREACHABLE_CODE = YES;
				CLANG_WARN__DUPLICATE_METHOD_MATCH = YES;
				COPY_PHASE_STRIP = NO;
				DEBUG_INFORMATION_FORMAT = dwarf;
				ENABLE_STRICT_OBJC_MSGSEND = YES;
				ENABLE_TESTABILITY = YES;
				GCC_C_LANGUAGE_STANDARD = gnu11;
				GCC_DYNAMIC_NO_PIC = NO;
				GCC_NO_COMMON_BLOCKS = YES;
				GCC_OPTIMIZATION_LEVEL = 0;
				GCC_PREPROCESSOR_DEFINITIONS = (
					"DEBUG=1",
					"$(inherited)",
				);
				GCC_WARN_64_TO_32_BIT_CONVERSION = YES;
				GCC_WARN_ABOUT_RETURN_TYPE = YES_ERROR;
				GCC_WARN_UNDECLARED_SELECTOR = YES;
				GCC_WARN_UNINITIALIZED_AUTOS = YES_AGGRESSIVE;
				GCC_WARN_UNUSED_FUNCTION = YES;
				GCC_WARN_UNUSED_VARIABLE = YES;
				IPHONEOS_DEPLOYMENT_TARGET = 13.2;
				MTL_ENABLE_DEBUG_INFO = INCLUDE_SOURCE;
				MTL_FAST_MATH = YES;
				ONLY_ACTIVE_ARCH = YES;
				SDKROOT = iphoneos;
				SWIFT_ACTIVE_COMPILATION_CONDITIONS = DEBUG;
				SWIFT_OPTIMIZATION_LEVEL = "-Onone";
			};
			name = Debug;
		};
		F2C4944A23D2CBCA00EAF9CC /* Release */ = {
			isa = XCBuildConfiguration;
			buildSettings = {
				ALWAYS_SEARCH_USER_PATHS = NO;
				CLANG_ANALYZER_NONNULL = YES;
				CLANG_ANALYZER_NUMBER_OBJECT_CONVERSION = YES_AGGRESSIVE;
				CLANG_CXX_LANGUAGE_STANDARD = "gnu++14";
				CLANG_CXX_LIBRARY = "libc++";
				CLANG_ENABLE_MODULES = YES;
				CLANG_ENABLE_OBJC_ARC = YES;
				CLANG_ENABLE_OBJC_WEAK = YES;
				CLANG_WARN_BLOCK_CAPTURE_AUTORELEASING = YES;
				CLANG_WARN_BOOL_CONVERSION = YES;
				CLANG_WARN_COMMA = YES;
				CLANG_WARN_CONSTANT_CONVERSION = YES;
				CLANG_WARN_DEPRECATED_OBJC_IMPLEMENTATIONS = YES;
				CLANG_WARN_DIRECT_OBJC_ISA_USAGE = YES_ERROR;
				CLANG_WARN_DOCUMENTATION_COMMENTS = YES;
				CLANG_WARN_EMPTY_BODY = YES;
				CLANG_WARN_ENUM_CONVERSION = YES;
				CLANG_WARN_INFINITE_RECURSION = YES;
				CLANG_WARN_INT_CONVERSION = YES;
				CLANG_WARN_NON_LITERAL_NULL_CONVERSION = YES;
				CLANG_WARN_OBJC_IMPLICIT_RETAIN_SELF = YES;
				CLANG_WARN_OBJC_LITERAL_CONVERSION = YES;
				CLANG_WARN_OBJC_ROOT_CLASS = YES_ERROR;
				CLANG_WARN_RANGE_LOOP_ANALYSIS = YES;
				CLANG_WARN_STRICT_PROTOTYPES = YES;
				CLANG_WARN_SUSPICIOUS_MOVE = YES;
				CLANG_WARN_UNGUARDED_AVAILABILITY = YES_AGGRESSIVE;
				CLANG_WARN_UNREACHABLE_CODE = YES;
				CLANG_WARN__DUPLICATE_METHOD_MATCH = YES;
				COPY_PHASE_STRIP = NO;
				DEBUG_INFORMATION_FORMAT = "dwarf-with-dsym";
				ENABLE_NS_ASSERTIONS = NO;
				ENABLE_STRICT_OBJC_MSGSEND = YES;
				GCC_C_LANGUAGE_STANDARD = gnu11;
				GCC_NO_COMMON_BLOCKS = YES;
				GCC_WARN_64_TO_32_BIT_CONVERSION = YES;
				GCC_WARN_ABOUT_RETURN_TYPE = YES_ERROR;
				GCC_WARN_UNDECLARED_SELECTOR = YES;
				GCC_WARN_UNINITIALIZED_AUTOS = YES_AGGRESSIVE;
				GCC_WARN_UNUSED_FUNCTION = YES;
				GCC_WARN_UNUSED_VARIABLE = YES;
				IPHONEOS_DEPLOYMENT_TARGET = 13.2;
				MTL_ENABLE_DEBUG_INFO = NO;
				MTL_FAST_MATH = YES;
				SDKROOT = iphoneos;
				SWIFT_COMPILATION_MODE = wholemodule;
				SWIFT_OPTIMIZATION_LEVEL = "-O";
				VALIDATE_PRODUCT = YES;
			};
			name = Release;
		};
		F2C4944C23D2CBCA00EAF9CC /* Debug */ = {
			isa = XCBuildConfiguration;
			buildSettings = {
				ASSETCATALOG_COMPILER_APPICON_NAME = AppIcon;
				CODE_SIGN_STYLE = Automatic;
				DEVELOPMENT_TEAM = HUNH9BLHXT;
				INFOPLIST_FILE = Stamps/Info.plist;
				LD_RUNPATH_SEARCH_PATHS = (
					"$(inherited)",
					"@executable_path/Frameworks",
				);
				PRODUCT_BUNDLE_IDENTIFIER = net.svidersky.stamps;
				PRODUCT_NAME = "$(TARGET_NAME)";
				SWIFT_VERSION = 5.0;
				TARGETED_DEVICE_FAMILY = "1,2";
			};
			name = Debug;
		};
		F2C4944D23D2CBCA00EAF9CC /* Release */ = {
			isa = XCBuildConfiguration;
			buildSettings = {
				ASSETCATALOG_COMPILER_APPICON_NAME = AppIcon;
				CODE_SIGN_STYLE = Automatic;
				DEVELOPMENT_TEAM = HUNH9BLHXT;
				INFOPLIST_FILE = Stamps/Info.plist;
				LD_RUNPATH_SEARCH_PATHS = (
					"$(inherited)",
					"@executable_path/Frameworks",
				);
				PRODUCT_BUNDLE_IDENTIFIER = net.svidersky.stamps;
				PRODUCT_NAME = "$(TARGET_NAME)";
				SWIFT_VERSION = 5.0;
				TARGETED_DEVICE_FAMILY = "1,2";
			};
			name = Release;
		};
/* End XCBuildConfiguration section */

/* Begin XCConfigurationList section */
		F2C4943023D2CBC700EAF9CC /* Build configuration list for PBXProject "Stamps" */ = {
			isa = XCConfigurationList;
			buildConfigurations = (
				F2C4944923D2CBCA00EAF9CC /* Debug */,
				F2C4944A23D2CBCA00EAF9CC /* Release */,
			);
			defaultConfigurationIsVisible = 0;
			defaultConfigurationName = Release;
		};
		F2C4944B23D2CBCA00EAF9CC /* Build configuration list for PBXNativeTarget "Stamps" */ = {
			isa = XCConfigurationList;
			buildConfigurations = (
				F2C4944C23D2CBCA00EAF9CC /* Debug */,
				F2C4944D23D2CBCA00EAF9CC /* Release */,
			);
			defaultConfigurationIsVisible = 0;
			defaultConfigurationName = Release;
		};
/* End XCConfigurationList section */

/* Begin XCRemoteSwiftPackageReference section */
		F2B4762923DBDFEF0076BFDC /* XCRemoteSwiftPackageReference "GRDB.swift" */ = {
			isa = XCRemoteSwiftPackageReference;
			repositoryURL = "https://github.com/groue/GRDB.swift.git";
			requirement = {
				kind = upToNextMajorVersion;
				minimumVersion = 4.9.0;
			};
		};
/* End XCRemoteSwiftPackageReference section */

/* Begin XCSwiftPackageProductDependency section */
		F2B4762A23DBDFEF0076BFDC /* GRDB */ = {
			isa = XCSwiftPackageProductDependency;
			package = F2B4762923DBDFEF0076BFDC /* XCRemoteSwiftPackageReference "GRDB.swift" */;
			productName = GRDB;
		};
/* End XCSwiftPackageProductDependency section */
	};
	rootObject = F2C4942D23D2CBC700EAF9CC /* Project object */;
}
